
Microsoft Visual Studio Solution File, Format Version 12.00
# Visual Studio Version 17
VisualStudioVersion = 17.0.32014.148
MinimumVisualStudioVersion = 10.0.40219.1
Project("{FAE04EC0-301F-11D3-BF4B-00C04F79EFBC}") = "NumberGenerator", "NumberGenerator\NumberGenerator.csproj", "{BB1D2EB4-29BB-4056-A40A-982F07FABB9F}"
EndProject
Global
	GlobalSection(SolutionConfigurationPlatforms) = preSolution
		Debug|Any CPU = Debug|Any CPU
		Release|Any CPU = Release|Any CPU
	EndGlobalSection
	GlobalSection(ProjectConfigurationPlatforms) = postSolution
		{BB1D2EB4-29BB-4056-A40A-982F07FABB9F}.Debug|Any CPU.ActiveCfg = Debug|Any CPU
		{BB1D2EB4-29BB-4056-A40A-982F07FABB9F}.Debug|Any CPU.Build.0 = Debug|Any CPU
		{BB1D2EB4-29BB-4056-A40A-982F07FABB9F}.Release|Any CPU.ActiveCfg = Release|Any CPU
		{BB1D2EB4-29BB-4056-A40A-982F07FABB9F}.Release|Any CPU.Build.0 = Release|Any CPU
	EndGlobalSection
	GlobalSection(SolutionProperties) = preSolution
		HideSolutionNode = FALSE
	EndGlobalSection
	GlobalSection(ExtensibilityGlobals) = postSolution
		SolutionGuid = {92D4F13B-7469-4E96-9AF0-24973489B39C}
	EndGlobalSection
EndGlobal
